
Microsoft Visual Studio Solution File, Format Version 12.00
# Visual Studio Version 16
VisualStudioVersion = 16.0.30611.23
MinimumVisualStudioVersion = 10.0.40219.1
Project("{FAE04EC0-301F-11D3-BF4B-00C04F79EFBC}") = "HouseManagerAPI", "HouseManagerAPI.csproj", "{B3DF6177-F1BF-442D-853D-B8AE91B36907}"
EndProject
Global
	GlobalSection(SolutionConfigurationPlatforms) = preSolution
		Debug|Any CPU = Debug|Any CPU
		Release|Any CPU = Release|Any CPU
	EndGlobalSection
	GlobalSection(ProjectConfigurationPlatforms) = postSolution
		{B3DF6177-F1BF-442D-853D-B8AE91B36907}.Debug|Any CPU.ActiveCfg = Debug|Any CPU
		{B3DF6177-F1BF-442D-853D-B8AE91B36907}.Debug|Any CPU.Build.0 = Debug|Any CPU
		{B3DF6177-F1BF-442D-853D-B8AE91B36907}.Release|Any CPU.ActiveCfg = Release|Any CPU
		{B3DF6177-F1BF-442D-853D-B8AE91B36907}.Release|Any CPU.Build.0 = Release|Any CPU
	EndGlobalSection
	GlobalSection(SolutionProperties) = preSolution
		HideSolutionNode = FALSE
	EndGlobalSection
	GlobalSection(ExtensibilityGlobals) = postSolution
		SolutionGuid = {81A9E6F1-36AA-4EA3-8F10-58ADBCD88BC0}
	EndGlobalSection
EndGlobal
